PODS:
  - Alamofire (4.9.1)
  - AlamofireObjectMapper (5.2.1):
    - Alamofire (~> 4.7)
    - ObjectMapper (~> 3.4)
  - Kingfisher (4.10.1)
  - ObjectMapper (3.5.3)
  - Realm (10.7.6):
    - Realm/Headers (= 10.7.6)
  - Realm/Headers (10.7.6)
  - RealmSwift (10.7.6):
    - Realm (= 10.7.6)
  - RxAlamofire (5.1.0):
    - RxAlamofire/Core (= 5.1.0)
  - RxAlamofire/Core (5.1.0):
    - Alamofire (~> 4.8)
    - RxSwift (~> 5.0)
  - RxCocoa (5.1.1):
    - RxRelay (~> 5)
    - RxSwift (~> 5)
  - RxRealm (4.0.3):
    - Realm (~> 10.5)
    - RealmSwift (~> 10.5)
    - RxCocoa (~> 5.1)
    - RxSwift (~> 5.1)
  - RxRelay (5.1.1):
    - RxSwift (~> 5)
  - RxSwift (5.1.2)

DEPENDENCIES:
  - AlamofireObjectMapper
  - Kingfisher (= 4.10.1)
  - RxAlamofire
  - RxCocoa
  - RxRealm
  - RxSwift

SPEC REPOS:
  trunk:
    - Alamofire
    - AlamofireObjectMapper
    - Kingfisher
    - ObjectMapper
    - Realm
    - RealmSwift
    - RxAlamofire
    - RxCocoa
    - RxRealm
    - RxRelay
    - RxSwift

SPEC CHECKSUMS:
  Alamofire: 85e8a02c69d6020a0d734f6054870d7ecb75cf18
  AlamofireObjectMapper: 1989f690e982b71921b9253f53a4f33a9bc00d88
  Kingfisher: c148cd7b47ebde9989f6bc7c27dcaa79d81279a0
  ObjectMapper: 97111c97e054a6ee25917662106689f0b4127b37
  Realm: ed860452717c8db8f4bf832b6807f7f2ce708839
  RealmSwift: e31c4ddbcc42ac879313d656b86f9ca539f6f4f4
  RxAlamofire: a2d7621de4c23a0c6e7b476b504acc32838ee341
  RxCocoa: 32065309a38d29b5b0db858819b5bf9ef038b601
  RxRealm: 80e8dc97f7b664d9b89192ac850daaa33c34d157
  RxRelay: d77f7d771495f43c556cbc43eebd1bb54d01e8e9
  RxSwift: 1e2e1f9570186967f617e49128ed26ccf1bafc8e

PODFILE CHECKSUM: 913bd33564c8f9e8b7fe1ed698eec23a148867f8

COCOAPODS: 1.10.1
